// !$*UTF8*$!
{
	archiveVersion = 1;
	classes = {
	};
	objectVersion = 46;
	objects = {

/* Begin PBXBuildFile section */
		1212F84D387029CF41A16B79 /* libPods-UITests.a in Frameworks */ = {isa = PBXBuildFile; fileRef = 083FC1C772C2F5449BA6B2AC /* libPods-UITests.a */; };
		3C6ACF121E3E3910001FBC07 /* ContactsFetchTests.m in Sources */ = {isa = PBXBuildFile; fileRef = 3C6ACF111E3E3910001FBC07 /* ContactsFetchTests.m */; };
		3C6ACF151E3E6258001FBC07 /* AddContactValidationTests.m in Sources */ = {isa = PBXBuildFile; fileRef = 3C6ACF141E3E6258001FBC07 /* AddContactValidationTests.m */; };
		3C6ACF181E3E8414001FBC07 /* AddContactProfilePictureTests.m in Sources */ = {isa = PBXBuildFile; fileRef = 3C6ACF171E3E8414001FBC07 /* AddContactProfilePictureTests.m */; };
		3C6ACF1B1E3F1503001FBC07 /* ContactDetailsTests.m in Sources */ = {isa = PBXBuildFile; fileRef = 3C6ACF1A1E3F1503001FBC07 /* ContactDetailsTests.m */; };
		3C6ACF1E1E3F3551001FBC07 /* FavoriteContactsTests.m in Sources */ = {isa = PBXBuildFile; fileRef = 3C6ACF1D1E3F3551001FBC07 /* FavoriteContactsTests.m */; };
		3C9814601E2E737800A1993C /* main.m in Sources */ = {isa = PBXBuildFile; fileRef = 3C98145F1E2E737800A1993C /* main.m */; };
		3C9814631E2E737800A1993C /* AppDelegate.m in Sources */ = {isa = PBXBuildFile; fileRef = 3C9814621E2E737800A1993C /* AppDelegate.m */; };
		3C9814691E2E737800A1993C /* Main.storyboard in Resources */ = {isa = PBXBuildFile; fileRef = 3C9814671E2E737800A1993C /* Main.storyboard */; };
		3C98146E1E2E737800A1993C /* Assets.xcassets in Resources */ = {isa = PBXBuildFile; fileRef = 3C98146D1E2E737800A1993C /* Assets.xcassets */; };
		3C9814711E2E737800A1993C /* LaunchScreen.storyboard in Resources */ = {isa = PBXBuildFile; fileRef = 3C98146F1E2E737800A1993C /* LaunchScreen.storyboard */; };
		3C98149B1E2E744300A1993C /* GJAddContactViewController.m in Sources */ = {isa = PBXBuildFile; fileRef = 3C9814961E2E744300A1993C /* GJAddContactViewController.m */; };
		3C98149C1E2E744300A1993C /* GJContactDetailsViewController.m in Sources */ = {isa = PBXBuildFile; fileRef = 3C9814981E2E744300A1993C /* GJContactDetailsViewController.m */; };
		3C98149D1E2E744300A1993C /* GJContactsBookViewController.m in Sources */ = {isa = PBXBuildFile; fileRef = 3C98149A1E2E744300A1993C /* GJContactsBookViewController.m */; };
		3C9814A31E2E778B00A1993C /* ContactManager.xcdatamodeld in Sources */ = {isa = PBXBuildFile; fileRef = 3C9814A01E2E778B00A1993C /* ContactManager.xcdatamodeld */; };
		3C9FA8BF1E2E88810022C102 /* APIClient.m in Sources */ = {isa = PBXBuildFile; fileRef = 3C9FA8BD1E2E88810022C102 /* APIClient.m */; };
		3C9FA8C41E2F74F60022C102 /* GJContactTableViewCell.m in Sources */ = {isa = PBXBuildFile; fileRef = 3C9FA8C31E2F74F60022C102 /* GJContactTableViewCell.m */; };
		3C9FA8D11E3103E10022C102 /* NSString+Additions.m in Sources */ = {isa = PBXBuildFile; fileRef = 3C9FA8D01E3103E10022C102 /* NSString+Additions.m */; };
		3C9FA8D51E3242B50022C102 /* GJContactsSyncManager.m in Sources */ = {isa = PBXBuildFile; fileRef = 3C9FA8D41E3242B50022C102 /* GJContactsSyncManager.m */; };
		3C9FA8D81E3245440022C102 /* GJContactsFetchViewController.m in Sources */ = {isa = PBXBuildFile; fileRef = 3C9FA8D71E3245440022C102 /* GJContactsFetchViewController.m */; };
		3C9FA8DB1E324F4C0022C102 /* UIColor+HexString.m in Sources */ = {isa = PBXBuildFile; fileRef = 3C9FA8DA1E324F4C0022C102 /* UIColor+HexString.m */; };
		3CD4B6FF1E37E5EB0040BC6A /* UIButton+Position.m in Sources */ = {isa = PBXBuildFile; fileRef = 3CD4B6FE1E37E5EB0040BC6A /* UIButton+Position.m */; };
		3CD4B7081E3864830040BC6A /* AVFoundation.framework in Frameworks */ = {isa = PBXBuildFile; fileRef = 3CD4B7071E3864830040BC6A /* AVFoundation.framework */; };
		3CD4B70B1E3865700040BC6A /* UIImage+FixOrientation.m in Sources */ = {isa = PBXBuildFile; fileRef = 3CD4B70A1E3865700040BC6A /* UIImage+FixOrientation.m */; };
		3CD4B7151E386F030040BC6A /* GJContactToUpload+CoreDataProperties.m in Sources */ = {isa = PBXBuildFile; fileRef = 3CD4B7131E386F030040BC6A /* GJContactToUpload+CoreDataProperties.m */; };
		3CD4B71A1E3871090040BC6A /* GJContactUploadHeaderView.m in Sources */ = {isa = PBXBuildFile; fileRef = 3CD4B7181E3871090040BC6A /* GJContactUploadHeaderView.m */; };
		3CD4B71D1E38765D0040BC6A /* loading_bar.gif in Resources */ = {isa = PBXBuildFile; fileRef = 3CD4B71C1E38765D0040BC6A /* loading_bar.gif */; };
		3CD4B7651E39249A0040BC6A /* GJContactEntity+CoreDataProperties.m in Sources */ = {isa = PBXBuildFile; fileRef = 3CD4B7631E39249A0040BC6A /* GJContactEntity+CoreDataProperties.m */; };
		3CD4B7691E3A79920040BC6A /* GJContactsRetryManager.m in Sources */ = {isa = PBXBuildFile; fileRef = 3CD4B7681E3A79920040BC6A /* GJContactsRetryManager.m */; };
		3CD4B76C1E3AC2CB0040BC6A /* NSData+Base64.m in Sources */ = {isa = PBXBuildFile; fileRef = 3CD4B76B1E3AC2CB0040BC6A /* NSData+Base64.m */; };
		3CD4B7711E3B00540040BC6A /* VCFGenerator.m in Sources */ = {isa = PBXBuildFile; fileRef = 3CD4B7701E3B00540040BC6A /* VCFGenerator.m */; };
		6133BCC9756E46278C17B570 /* libPods-ContactManager.a in Frameworks */ = {isa = PBXBuildFile; fileRef = 2FA082CCF02B05EF8B40FD9B /* libPods-ContactManager.a */; };
/* End PBXBuildFile section */

/* Begin PBXContainerItemProxy section */
		3C6ACF081E3E38E1001FBC07 /* PBXContainerItemProxy */ = {
			isa = PBXContainerItemProxy;
			containerPortal = 3C9814531E2E737800A1993C /* Project object */;
			proxyType = 1;
			remoteGlobalIDString = 3C98145A1E2E737800A1993C;
			remoteInfo = ContactManager;
		};
/* End PBXContainerItemProxy section */

/* Begin PBXFileReference section */
		03A796AD0ACDB99F55AB5098 /* Pods-UITests.release.xcconfig */ = {isa = PBXFileReference; includeInIndex = 1; lastKnownFileType = text.xcconfig; name = "Pods-UITests.release.xcconfig"; path = "Pods/Target Support Files/Pods-UITests/Pods-UITests.release.xcconfig"; sourceTree = "<group>"; };
		083FC1C772C2F5449BA6B2AC /* libPods-UITests.a */ = {isa = PBXFileReference; explicitFileType = archive.ar; includeInIndex = 0; path = "libPods-UITests.a"; sourceTree = BUILT_PRODUCTS_DIR; };
		0AC8FEE6A660159162D0028D /* Pods-ContactManager.debug.xcconfig */ = {isa = PBXFileReference; includeInIndex = 1; lastKnownFileType = text.xcconfig; name = "Pods-ContactManager.debug.xcconfig"; path = "Pods/Target Support Files/Pods-ContactManager/Pods-ContactManager.debug.xcconfig"; sourceTree = "<group>"; };
		2FA082CCF02B05EF8B40FD9B /* libPods-ContactManager.a */ = {isa = PBXFileReference; explicitFileType = archive.ar; includeInIndex = 0; path = "libPods-ContactManager.a"; sourceTree = BUILT_PRODUCTS_DIR; };
		31F612804AFB9F74467E5EDA /* libPods-ContactManagerTests.a */ = {isa = PBXFileReference; explicitFileType = archive.ar; includeInIndex = 0; path = "libPods-ContactManagerTests.a"; sourceTree = BUILT_PRODUCTS_DIR; };
		370251D493F761168B9CA9BE /* Pods-UITests.debug.xcconfig */ = {isa = PBXFileReference; includeInIndex = 1; lastKnownFileType = text.xcconfig; name = "Pods-UITests.debug.xcconfig"; path = "Pods/Target Support Files/Pods-UITests/Pods-UITests.debug.xcconfig"; sourceTree = "<group>"; };
		3C6ACF031E3E38E1001FBC07 /* UITests.xctest */ = {isa = PBXFileReference; explicitFileType = wrapper.cfbundle; includeInIndex = 0; path = UITests.xctest; sourceTree = BUILT_PRODUCTS_DIR; };
		3C6ACF071E3E38E1001FBC07 /* Info.plist */ = {isa = PBXFileReference; lastKnownFileType = text.plist.xml; path = Info.plist; sourceTree = "<group>"; };
		3C6ACF101E3E3910001FBC07 /* ContactsFetchTests.h */ = {isa = PBXFileReference; fileEncoding = 4; lastKnownFileType = sourcecode.c.h; path = ContactsFetchTests.h; sourceTree = "<group>"; };
		3C6ACF111E3E3910001FBC07 /* ContactsFetchTests.m */ = {isa = PBXFileReference; fileEncoding = 4; lastKnownFileType = sourcecode.c.objc; path = ContactsFetchTests.m; sourceTree = "<group>"; };
		3C6ACF131E3E6258001FBC07 /* AddContactValidationTests.h */ = {isa = PBXFileReference; fileEncoding = 4; lastKnownFileType = sourcecode.c.h; path = AddContactValidationTests.h; sourceTree = "<group>"; };
		3C6ACF141E3E6258001FBC07 /* AddContactValidationTests.m */ = {isa = PBXFileReference; fileEncoding = 4; lastKnownFileType = sourcecode.c.objc; path = AddContactValidationTests.m; sourceTree = "<group>"; };
		3C6ACF161E3E8414001FBC07 /* AddContactProfilePictureTests.h */ = {isa = PBXFileReference; fileEncoding = 4; lastKnownFileType = sourcecode.c.h; path = AddContactProfilePictureTests.h; sourceTree = "<group>"; };
		3C6ACF171E3E8414001FBC07 /* AddContactProfilePictureTests.m */ = {isa = PBXFileReference; fileEncoding = 4; lastKnownFileType = sourcecode.c.objc; path = AddContactProfilePictureTests.m; sourceTree = "<group>"; };
		3C6ACF191E3F1503001FBC07 /* ContactDetailsTests.h */ = {isa = PBXFileReference; fileEncoding = 4; lastKnownFileType = sourcecode.c.h; path = ContactDetailsTests.h; sourceTree = "<group>"; };
		3C6ACF1A1E3F1503001FBC07 /* ContactDetailsTests.m */ = {isa = PBXFileReference; fileEncoding = 4; lastKnownFileType = sourcecode.c.objc; path = ContactDetailsTests.m; sourceTree = "<group>"; };
		3C6ACF1C1E3F3551001FBC07 /* FavoriteContactsTests.h */ = {isa = PBXFileReference; fileEncoding = 4; lastKnownFileType = sourcecode.c.h; path = FavoriteContactsTests.h; sourceTree = "<group>"; };
		3C6ACF1D1E3F3551001FBC07 /* FavoriteContactsTests.m */ = {isa = PBXFileReference; fileEncoding = 4; lastKnownFileType = sourcecode.c.objc; path = FavoriteContactsTests.m; sourceTree = "<group>"; };
		3C6ACF201E3F3979001FBC07 /* TestHeader.h */ = {isa = PBXFileReference; fileEncoding = 4; lastKnownFileType = sourcecode.c.h; path = TestHeader.h; sourceTree = "<group>"; };
		3C98145B1E2E737800A1993C /* ContactManager.app */ = {isa = PBXFileReference; explicitFileType = wrapper.application; includeInIndex = 0; path = ContactManager.app; sourceTree = BUILT_PRODUCTS_DIR; };
		3C98145F1E2E737800A1993C /* main.m */ = {isa = PBXFileReference; lastKnownFileType = sourcecode.c.objc; path = main.m; sourceTree = "<group>"; };
		3C9814611E2E737800A1993C /* AppDelegate.h */ = {isa = PBXFileReference; lastKnownFileType = sourcecode.c.h; path = AppDelegate.h; sourceTree = "<group>"; };
		3C9814621E2E737800A1993C /* AppDelegate.m */ = {isa = PBXFileReference; lastKnownFileType = sourcecode.c.objc; path = AppDelegate.m; sourceTree = "<group>"; };
		3C9814681E2E737800A1993C /* Base */ = {isa = PBXFileReference; lastKnownFileType = file.storyboard; name = Base; path = Base.lproj/Main.storyboard; sourceTree = "<group>"; };
		3C98146B1E2E737800A1993C /* ContactManager.xcdatamodel */ = {isa = PBXFileReference; lastKnownFileType = wrapper.xcdatamodel; path = ContactManager.xcdatamodel; sourceTree = "<group>"; };
		3C98146D1E2E737800A1993C /* Assets.xcassets */ = {isa = PBXFileReference; lastKnownFileType = folder.assetcatalog; path = Assets.xcassets; sourceTree = "<group>"; };
		3C9814701E2E737800A1993C /* Base */ = {isa = PBXFileReference; lastKnownFileType = file.storyboard; name = Base; path = Base.lproj/LaunchScreen.storyboard; sourceTree = "<group>"; };
		3C9814721E2E737800A1993C /* Info.plist */ = {isa = PBXFileReference; lastKnownFileType = text.plist.xml; path = Info.plist; sourceTree = "<group>"; };
		3C9814951E2E744300A1993C /* GJAddContactViewController.h */ = {isa = PBXFileReference; fileEncoding = 4; lastKnownFileType = sourcecode.c.h; path = GJAddContactViewController.h; sourceTree = "<group>"; };
		3C9814961E2E744300A1993C /* GJAddContactViewController.m */ = {isa = PBXFileReference; fileEncoding = 4; lastKnownFileType = sourcecode.c.objc; path = GJAddContactViewController.m; sourceTree = "<group>"; };
		3C9814971E2E744300A1993C /* GJContactDetailsViewController.h */ = {isa = PBXFileReference; fileEncoding = 4; lastKnownFileType = sourcecode.c.h; path = GJContactDetailsViewController.h; sourceTree = "<group>"; };
		3C9814981E2E744300A1993C /* GJContactDetailsViewController.m */ = {isa = PBXFileReference; fileEncoding = 4; lastKnownFileType = sourcecode.c.objc; path = GJContactDetailsViewController.m; sourceTree = "<group>"; };
		3C9814991E2E744300A1993C /* GJContactsBookViewController.h */ = {isa = PBXFileReference; fileEncoding = 4; lastKnownFileType = sourcecode.c.h; path = GJContactsBookViewController.h; sourceTree = "<group>"; };
		3C98149A1E2E744300A1993C /* GJContactsBookViewController.m */ = {isa = PBXFileReference; fileEncoding = 4; lastKnownFileType = sourcecode.c.objc; path = GJContactsBookViewController.m; sourceTree = "<group>"; };
		3C9814A11E2E778B00A1993C /* ContactManager.xcdatamodel */ = {isa = PBXFileReference; lastKnownFileType = wrapper.xcdatamodel; path = ContactManager.xcdatamodel; sourceTree = "<group>"; };
		3C9FA8BC1E2E88810022C102 /* APIClient.h */ = {isa = PBXFileReference; fileEncoding = 4; lastKnownFileType = sourcecode.c.h; path = APIClient.h; sourceTree = "<group>"; };
		3C9FA8BD1E2E88810022C102 /* APIClient.m */ = {isa = PBXFileReference; fileEncoding = 4; lastKnownFileType = sourcecode.c.objc; path = APIClient.m; sourceTree = "<group>"; };
		3C9FA8BE1E2E88810022C102 /* APIDefinitions.h */ = {isa = PBXFileReference; fileEncoding = 4; lastKnownFileType = sourcecode.c.h; path = APIDefinitions.h; sourceTree = "<group>"; };
		3C9FA8C21E2F74F60022C102 /* GJContactTableViewCell.h */ = {isa = PBXFileReference; fileEncoding = 4; lastKnownFileType = sourcecode.c.h; path = GJContactTableViewCell.h; sourceTree = "<group>"; };
		3C9FA8C31E2F74F60022C102 /* GJContactTableViewCell.m */ = {isa = PBXFileReference; fileEncoding = 4; lastKnownFileType = sourcecode.c.objc; path = GJContactTableViewCell.m; sourceTree = "<group>"; };
		3C9FA8CF1E3103E10022C102 /* NSString+Additions.h */ = {isa = PBXFileReference; fileEncoding = 4; lastKnownFileType = sourcecode.c.h; path = "NSString+Additions.h"; sourceTree = "<group>"; };
		3C9FA8D01E3103E10022C102 /* NSString+Additions.m */ = {isa = PBXFileReference; fileEncoding = 4; lastKnownFileType = sourcecode.c.objc; path = "NSString+Additions.m"; sourceTree = "<group>"; };
		3C9FA8D31E3242B50022C102 /* GJContactsSyncManager.h */ = {isa = PBXFileReference; fileEncoding = 4; lastKnownFileType = sourcecode.c.h; path = GJContactsSyncManager.h; sourceTree = "<group>"; };
		3C9FA8D41E3242B50022C102 /* GJContactsSyncManager.m */ = {isa = PBXFileReference; fileEncoding = 4; lastKnownFileType = sourcecode.c.objc; path = GJContactsSyncManager.m; sourceTree = "<group>"; };
		3C9FA8D61E3245440022C102 /* GJContactsFetchViewController.h */ = {isa = PBXFileReference; fileEncoding = 4; lastKnownFileType = sourcecode.c.h; path = GJContactsFetchViewController.h; sourceTree = "<group>"; };
		3C9FA8D71E3245440022C102 /* GJContactsFetchViewController.m */ = {isa = PBXFileReference; fileEncoding = 4; lastKnownFileType = sourcecode.c.objc; path = GJContactsFetchViewController.m; sourceTree = "<group>"; };
		3C9FA8D91E324F4C0022C102 /* UIColor+HexString.h */ = {isa = PBXFileReference; fileEncoding = 4; lastKnownFileType = sourcecode.c.h; path = "UIColor+HexString.h"; sourceTree = "<group>"; };
		3C9FA8DA1E324F4C0022C102 /* UIColor+HexString.m */ = {isa = PBXFileReference; fileEncoding = 4; lastKnownFileType = sourcecode.c.objc; path = "UIColor+HexString.m"; sourceTree = "<group>"; };
		3CD4B6FD1E37E5EB0040BC6A /* UIButton+Position.h */ = {isa = PBXFileReference; fileEncoding = 4; lastKnownFileType = sourcecode.c.h; path = "UIButton+Position.h"; sourceTree = "<group>"; };
		3CD4B6FE1E37E5EB0040BC6A /* UIButton+Position.m */ = {isa = PBXFileReference; fileEncoding = 4; lastKnownFileType = sourcecode.c.objc; path = "UIButton+Position.m"; sourceTree = "<group>"; };
		3CD4B7071E3864830040BC6A /* AVFoundation.framework */ = {isa = PBXFileReference; lastKnownFileType = wrapper.framework; name = AVFoundation.framework; path = System/Library/Frameworks/AVFoundation.framework; sourceTree = SDKROOT; };
		3CD4B7091E3865700040BC6A /* UIImage+FixOrientation.h */ = {isa = PBXFileReference; fileEncoding = 4; lastKnownFileType = sourcecode.c.h; path = "UIImage+FixOrientation.h"; sourceTree = "<group>"; };
		3CD4B70A1E3865700040BC6A /* UIImage+FixOrientation.m */ = {isa = PBXFileReference; fileEncoding = 4; lastKnownFileType = sourcecode.c.objc; path = "UIImage+FixOrientation.m"; sourceTree = "<group>"; };
		3CD4B7101E386F030040BC6A /* GJContactToUpload+CoreDataClass.h */ = {isa = PBXFileReference; fileEncoding = 4; lastKnownFileType = sourcecode.c.h; path = "GJContactToUpload+CoreDataClass.h"; sourceTree = "<group>"; };
		3CD4B7111E386F030040BC6A /* GJContactToUpload+CoreDataClass.m */ = {isa = PBXFileReference; fileEncoding = 4; lastKnownFileType = sourcecode.c.objc; path = "GJContactToUpload+CoreDataClass.m"; sourceTree = "<group>"; };
		3CD4B7121E386F030040BC6A /* GJContactToUpload+CoreDataProperties.h */ = {isa = PBXFileReference; fileEncoding = 4; lastKnownFileType = sourcecode.c.h; path = "GJContactToUpload+CoreDataProperties.h"; sourceTree = "<group>"; };
		3CD4B7131E386F030040BC6A /* GJContactToUpload+CoreDataProperties.m */ = {isa = PBXFileReference; fileEncoding = 4; lastKnownFileType = sourcecode.c.objc; path = "GJContactToUpload+CoreDataProperties.m"; sourceTree = "<group>"; };
		3CD4B7171E3871090040BC6A /* GJContactUploadHeaderView.h */ = {isa = PBXFileReference; fileEncoding = 4; lastKnownFileType = sourcecode.c.h; path = GJContactUploadHeaderView.h; sourceTree = "<group>"; };
		3CD4B7181E3871090040BC6A /* GJContactUploadHeaderView.m */ = {isa = PBXFileReference; fileEncoding = 4; lastKnownFileType = sourcecode.c.objc; path = GJContactUploadHeaderView.m; sourceTree = "<group>"; };
		3CD4B71C1E38765D0040BC6A /* loading_bar.gif */ = {isa = PBXFileReference; lastKnownFileType = image.gif; name = loading_bar.gif; path = ../../Downloads/loading_bar.gif; sourceTree = "<group>"; };
		3CD4B7601E39249A0040BC6A /* GJContactEntity+CoreDataClass.h */ = {isa = PBXFileReference; fileEncoding = 4; lastKnownFileType = sourcecode.c.h; path = "GJContactEntity+CoreDataClass.h"; sourceTree = "<group>"; };
		3CD4B7611E39249A0040BC6A /* GJContactEntity+CoreDataClass.m */ = {isa = PBXFileReference; fileEncoding = 4; lastKnownFileType = sourcecode.c.objc; path = "GJContactEntity+CoreDataClass.m"; sourceTree = "<group>"; };
		3CD4B7621E39249A0040BC6A /* GJContactEntity+CoreDataProperties.h */ = {isa = PBXFileReference; fileEncoding = 4; lastKnownFileType = sourcecode.c.h; path = "GJContactEntity+CoreDataProperties.h"; sourceTree = "<group>"; };
		3CD4B7631E39249A0040BC6A /* GJContactEntity+CoreDataProperties.m */ = {isa = PBXFileReference; fileEncoding = 4; lastKnownFileType = sourcecode.c.objc; path = "GJContactEntity+CoreDataProperties.m"; sourceTree = "<group>"; };
		3CD4B7671E3A79920040BC6A /* GJContactsRetryManager.h */ = {isa = PBXFileReference; fileEncoding = 4; lastKnownFileType = sourcecode.c.h; path = GJContactsRetryManager.h; sourceTree = "<group>"; };
		3CD4B7681E3A79920040BC6A /* GJContactsRetryManager.m */ = {isa = PBXFileReference; fileEncoding = 4; lastKnownFileType = sourcecode.c.objc; path = GJContactsRetryManager.m; sourceTree = "<group>"; };
		3CD4B76A1E3AC2CB0040BC6A /* NSData+Base64.h */ = {isa = PBXFileReference; fileEncoding = 4; lastKnownFileType = sourcecode.c.h; path = "NSData+Base64.h"; sourceTree = "<group>"; };
		3CD4B76B1E3AC2CB0040BC6A /* NSData+Base64.m */ = {isa = PBXFileReference; fileEncoding = 4; lastKnownFileType = sourcecode.c.objc; path = "NSData+Base64.m"; sourceTree = "<group>"; };
		3CD4B76F1E3B00540040BC6A /* VCFGenerator.h */ = {isa = PBXFileReference; fileEncoding = 4; lastKnownFileType = sourcecode.c.h; path = VCFGenerator.h; sourceTree = "<group>"; };
		3CD4B7701E3B00540040BC6A /* VCFGenerator.m */ = {isa = PBXFileReference; fileEncoding = 4; lastKnownFileType = sourcecode.c.objc; path = VCFGenerator.m; sourceTree = "<group>"; };
		3CD4B7721E3B05A70040BC6A /* ContactsUI.framework */ = {isa = PBXFileReference; lastKnownFileType = wrapper.framework; name = ContactsUI.framework; path = System/Library/Frameworks/ContactsUI.framework; sourceTree = SDKROOT; };
		3CD4B7741E3B09490040BC6A /* Contacts.framework */ = {isa = PBXFileReference; lastKnownFileType = wrapper.framework; name = Contacts.framework; path = System/Library/Frameworks/Contacts.framework; sourceTree = SDKROOT; };
		71FEC61C165A2F971DFA0BB0 /* Pods-ContactManagerTests.release.xcconfig */ = {isa = PBXFileReference; includeInIndex = 1; lastKnownFileType = text.xcconfig; name = "Pods-ContactManagerTests.release.xcconfig"; path = "Pods/Target Support Files/Pods-ContactManagerTests/Pods-ContactManagerTests.release.xcconfig"; sourceTree = "<group>"; };
		747468EAAF980BC9C1608E34 /* libPods-ContactManagerUITests.a */ = {isa = PBXFileReference; explicitFileType = archive.ar; includeInIndex = 0; path = "libPods-ContactManagerUITests.a"; sourceTree = BUILT_PRODUCTS_DIR; };
		89699E9B1D083F5AD4202E49 /* Pods-ContactManagerUITests.debug.xcconfig */ = {isa = PBXFileReference; includeInIndex = 1; lastKnownFileType = text.xcconfig; name = "Pods-ContactManagerUITests.debug.xcconfig"; path = "Pods/Target Support Files/Pods-ContactManagerUITests/Pods-ContactManagerUITests.debug.xcconfig"; sourceTree = "<group>"; };
		C3E20AE51EACA30D5338B742 /* Pods-ContactManagerTests.debug.xcconfig */ = {isa = PBXFileReference; includeInIndex = 1; lastKnownFileType = text.xcconfig; name = "Pods-ContactManagerTests.debug.xcconfig"; path = "Pods/Target Support Files/Pods-ContactManagerTests/Pods-ContactManagerTests.debug.xcconfig"; sourceTree = "<group>"; };
		E1CA7049DAADA6D29F5321A3 /* Pods-ContactManager.release.xcconfig */ = {isa = PBXFileReference; includeInIndex = 1; lastKnownFileType = text.xcconfig; name = "Pods-ContactManager.release.xcconfig"; path = "Pods/Target Support Files/Pods-ContactManager/Pods-ContactManager.release.xcconfig"; sourceTree = "<group>"; };
		FF2505341AA5C3AD5D835B90 /* Pods-ContactManagerUITests.release.xcconfig */ = {isa = PBXFileReference; includeInIndex = 1; lastKnownFileType = text.xcconfig; name = "Pods-ContactManagerUITests.release.xcconfig"; path = "Pods/Target Support Files/Pods-ContactManagerUITests/Pods-ContactManagerUITests.release.xcconfig"; sourceTree = "<group>"; };
/* End PBXFileReference section */

/* Begin PBXFrameworksBuildPhase section */
		3C6ACF001E3E38E1001FBC07 /* Frameworks */ = {
			isa = PBXFrameworksBuildPhase;
			buildActionMask = 2147483647;
			files = (
				1212F84D387029CF41A16B79 /* libPods-UITests.a in Frameworks */,
			);
			runOnlyForDeploymentPostprocessing = 0;
		};
		3C9814581E2E737800A1993C /* Frameworks */ = {
			isa = PBXFrameworksBuildPhase;
			buildActionMask = 2147483647;
			files = (
				3CD4B7081E3864830040BC6A /* AVFoundation.framework in Frameworks */,
				6133BCC9756E46278C17B570 /* libPods-ContactManager.a in Frameworks */,
			);
			runOnlyForDeploymentPostprocessing = 0;
		};
/* End PBXFrameworksBuildPhase section */

/* Begin PBXGroup section */
		3C6ACF041E3E38E1001FBC07 /* UITests */ = {
			isa = PBXGroup;
			children = (
				3C6ACF071E3E38E1001FBC07 /* Info.plist */,
				3C6ACF101E3E3910001FBC07 /* ContactsFetchTests.h */,
				3C6ACF111E3E3910001FBC07 /* ContactsFetchTests.m */,
				3C6ACF131E3E6258001FBC07 /* AddContactValidationTests.h */,
				3C6ACF141E3E6258001FBC07 /* AddContactValidationTests.m */,
				3C6ACF161E3E8414001FBC07 /* AddContactProfilePictureTests.h */,
				3C6ACF171E3E8414001FBC07 /* AddContactProfilePictureTests.m */,
				3C6ACF191E3F1503001FBC07 /* ContactDetailsTests.h */,
				3C6ACF1A1E3F1503001FBC07 /* ContactDetailsTests.m */,
				3C6ACF1C1E3F3551001FBC07 /* FavoriteContactsTests.h */,
				3C6ACF1D1E3F3551001FBC07 /* FavoriteContactsTests.m */,
				3C6ACF201E3F3979001FBC07 /* TestHeader.h */,
			);
			path = UITests;
			sourceTree = "<group>";
		};
		3C9814521E2E737800A1993C = {
			isa = PBXGroup;
			children = (
				3C98145D1E2E737800A1993C /* ContactManager */,
				3C6ACF041E3E38E1001FBC07 /* UITests */,
				3C98145C1E2E737800A1993C /* Products */,
				F7D39A9D25AD7CAD89389808 /* Pods */,
				AC0531208FF59AE9C0A6F37F /* Frameworks */,
			);
			sourceTree = "<group>";
		};
		3C98145C1E2E737800A1993C /* Products */ = {
			isa = PBXGroup;
			children = (
				3C98145B1E2E737800A1993C /* ContactManager.app */,
				3C6ACF031E3E38E1001FBC07 /* UITests.xctest */,
			);
			name = Products;
			sourceTree = "<group>";
		};
		3C98145D1E2E737800A1993C /* ContactManager */ = {
			isa = PBXGroup;
			children = (
				3C9814611E2E737800A1993C /* AppDelegate.h */,
				3C9814621E2E737800A1993C /* AppDelegate.m */,
				3C9814671E2E737800A1993C /* Main.storyboard */,
				3C98149E1E2E778B00A1993C /* CoreData */,
				3C9814941E2E744300A1993C /* ViewControllers */,
				3C9FA8C01E2F749A0022C102 /* Views */,
				3C9FA8BB1E2E88810022C102 /* Networking */,
				3C9FA8C51E2FB2090022C102 /* Categories */,
				3CD4B76D1E3B00280040BC6A /* Custom */,
				3C98146D1E2E737800A1993C /* Assets.xcassets */,
				3C98146F1E2E737800A1993C /* LaunchScreen.storyboard */,
				3C9814721E2E737800A1993C /* Info.plist */,
				3C98146A1E2E737800A1993C /* ContactManager.xcdatamodeld */,
				3CD4B71C1E38765D0040BC6A /* loading_bar.gif */,
				3C98145E1E2E737800A1993C /* Supporting Files */,
			);
			path = ContactManager;
			sourceTree = "<group>";
		};
		3C98145E1E2E737800A1993C /* Supporting Files */ = {
			isa = PBXGroup;
			children = (
				3C98145F1E2E737800A1993C /* main.m */,
			);
			name = "Supporting Files";
			sourceTree = "<group>";
		};
		3C9814941E2E744300A1993C /* ViewControllers */ = {
			isa = PBXGroup;
			children = (
				3C9814991E2E744300A1993C /* GJContactsBookViewController.h */,
				3C98149A1E2E744300A1993C /* GJContactsBookViewController.m */,
				3C9814971E2E744300A1993C /* GJContactDetailsViewController.h */,
				3C9814981E2E744300A1993C /* GJContactDetailsViewController.m */,
				3C9814951E2E744300A1993C /* GJAddContactViewController.h */,
				3C9814961E2E744300A1993C /* GJAddContactViewController.m */,
				3C9FA8D61E3245440022C102 /* GJContactsFetchViewController.h */,
				3C9FA8D71E3245440022C102 /* GJContactsFetchViewController.m */,
			);
			path = ViewControllers;
			sourceTree = "<group>";
		};
		3C98149E1E2E778B00A1993C /* CoreData */ = {
			isa = PBXGroup;
			children = (
				3C98149F1E2E778B00A1993C /* DataModel */,
				3C9814A21E2E778B00A1993C /* Models */,
			);
			path = CoreData;
			sourceTree = "<group>";
		};
		3C98149F1E2E778B00A1993C /* DataModel */ = {
			isa = PBXGroup;
			children = (
				3C9814A01E2E778B00A1993C /* ContactManager.xcdatamodeld */,
			);
			path = DataModel;
			sourceTree = "<group>";
		};
		3C9814A21E2E778B00A1993C /* Models */ = {
			isa = PBXGroup;
			children = (
				3CD4B7601E39249A0040BC6A /* GJContactEntity+CoreDataClass.h */,
				3CD4B7611E39249A0040BC6A /* GJContactEntity+CoreDataClass.m */,
				3CD4B7621E39249A0040BC6A /* GJContactEntity+CoreDataProperties.h */,
				3CD4B7631E39249A0040BC6A /* GJContactEntity+CoreDataProperties.m */,
				3CD4B7101E386F030040BC6A /* GJContactToUpload+CoreDataClass.h */,
				3CD4B7111E386F030040BC6A /* GJContactToUpload+CoreDataClass.m */,
				3CD4B7121E386F030040BC6A /* GJContactToUpload+CoreDataProperties.h */,
				3CD4B7131E386F030040BC6A /* GJContactToUpload+CoreDataProperties.m */,
			);
			path = Models;
			sourceTree = "<group>";
		};
		3C9FA8BB1E2E88810022C102 /* Networking */ = {
			isa = PBXGroup;
			children = (
				3C9FA8BC1E2E88810022C102 /* APIClient.h */,
				3C9FA8BD1E2E88810022C102 /* APIClient.m */,
				3C9FA8BE1E2E88810022C102 /* APIDefinitions.h */,
				3CD4B7661E3A79920040BC6A /* RetryManager */,
				3C9FA8D21E3242B50022C102 /* SyncManager */,
			);
			path = Networking;
			sourceTree = "<group>";
		};
		3C9FA8C01E2F749A0022C102 /* Views */ = {
			isa = PBXGroup;
			children = (
				3C9FA8C11E2F749A0022C102 /* Cells */,
				3CD4B7161E3871090040BC6A /* Views */,
			);
			path = Views;
			sourceTree = "<group>";
		};
		3C9FA8C11E2F749A0022C102 /* Cells */ = {
			isa = PBXGroup;
			children = (
				3C9FA8C21E2F74F60022C102 /* GJContactTableViewCell.h */,
				3C9FA8C31E2F74F60022C102 /* GJContactTableViewCell.m */,
			);
			path = Cells;
			sourceTree = "<group>";
		};
		3C9FA8C51E2FB2090022C102 /* Categories */ = {
			isa = PBXGroup;
			children = (
				3C9FA8D91E324F4C0022C102 /* UIColor+HexString.h */,
				3C9FA8DA1E324F4C0022C102 /* UIColor+HexString.m */,
				3C9FA8CF1E3103E10022C102 /* NSString+Additions.h */,
				3C9FA8D01E3103E10022C102 /* NSString+Additions.m */,
				3CD4B6FD1E37E5EB0040BC6A /* UIButton+Position.h */,
				3CD4B6FE1E37E5EB0040BC6A /* UIButton+Position.m */,
				3CD4B7091E3865700040BC6A /* UIImage+FixOrientation.h */,
				3CD4B70A1E3865700040BC6A /* UIImage+FixOrientation.m */,
				3CD4B76A1E3AC2CB0040BC6A /* NSData+Base64.h */,
				3CD4B76B1E3AC2CB0040BC6A /* NSData+Base64.m */,
			);
			path = Categories;
			sourceTree = "<group>";
		};
		3C9FA8D21E3242B50022C102 /* SyncManager */ = {
			isa = PBXGroup;
			children = (
				3C9FA8D31E3242B50022C102 /* GJContactsSyncManager.h */,
				3C9FA8D41E3242B50022C102 /* GJContactsSyncManager.m */,
			);
			name = SyncManager;
			path = ../SyncManager;
			sourceTree = "<group>";
		};
		3CD4B7161E3871090040BC6A /* Views */ = {
			isa = PBXGroup;
			children = (
				3CD4B7171E3871090040BC6A /* GJContactUploadHeaderView.h */,
				3CD4B7181E3871090040BC6A /* GJContactUploadHeaderView.m */,
			);
			path = Views;
			sourceTree = "<group>";
		};
		3CD4B7661E3A79920040BC6A /* RetryManager */ = {
			isa = PBXGroup;
			children = (
				3CD4B7671E3A79920040BC6A /* GJContactsRetryManager.h */,
				3CD4B7681E3A79920040BC6A /* GJContactsRetryManager.m */,
			);
			name = RetryManager;
			path = ContactManager/RetryManager;
			sourceTree = SOURCE_ROOT;
		};
		3CD4B76D1E3B00280040BC6A /* Custom */ = {
			isa = PBXGroup;
			children = (
				3CD4B76E1E3B00540040BC6A /* VCFGenerator */,
			);
			path = Custom;
			sourceTree = "<group>";
		};
		3CD4B76E1E3B00540040BC6A /* VCFGenerator */ = {
			isa = PBXGroup;
			children = (
				3CD4B76F1E3B00540040BC6A /* VCFGenerator.h */,
				3CD4B7701E3B00540040BC6A /* VCFGenerator.m */,
			);
			path = VCFGenerator;
			sourceTree = "<group>";
		};
		AC0531208FF59AE9C0A6F37F /* Frameworks */ = {
			isa = PBXGroup;
			children = (
				3CD4B7741E3B09490040BC6A /* Contacts.framework */,
				3CD4B7721E3B05A70040BC6A /* ContactsUI.framework */,
				3CD4B7071E3864830040BC6A /* AVFoundation.framework */,
				2FA082CCF02B05EF8B40FD9B /* libPods-ContactManager.a */,
				31F612804AFB9F74467E5EDA /* libPods-ContactManagerTests.a */,
				747468EAAF980BC9C1608E34 /* libPods-ContactManagerUITests.a */,
				083FC1C772C2F5449BA6B2AC /* libPods-UITests.a */,
			);
			name = Frameworks;
			sourceTree = "<group>";
		};
		F7D39A9D25AD7CAD89389808 /* Pods */ = {
			isa = PBXGroup;
			children = (
				0AC8FEE6A660159162D0028D /* Pods-ContactManager.debug.xcconfig */,
				E1CA7049DAADA6D29F5321A3 /* Pods-ContactManager.release.xcconfig */,
				C3E20AE51EACA30D5338B742 /* Pods-ContactManagerTests.debug.xcconfig */,
				71FEC61C165A2F971DFA0BB0 /* Pods-ContactManagerTests.release.xcconfig */,
				89699E9B1D083F5AD4202E49 /* Pods-ContactManagerUITests.debug.xcconfig */,
				FF2505341AA5C3AD5D835B90 /* Pods-ContactManagerUITests.release.xcconfig */,
				370251D493F761168B9CA9BE /* Pods-UITests.debug.xcconfig */,
				03A796AD0ACDB99F55AB5098 /* Pods-UITests.release.xcconfig */,
			);
			name = Pods;
			sourceTree = "<group>";
		};
/* End PBXGroup section */

/* Begin PBXNativeTarget section */
		3C6ACF021E3E38E1001FBC07 /* UITests */ = {
			isa = PBXNativeTarget;
			buildConfigurationList = 3C6ACF0A1E3E38E1001FBC07 /* Build configuration list for PBXNativeTarget "UITests" */;
			buildPhases = (
				B76B463ED1788C8A465A7520 /* [CP] Check Pods Manifest.lock */,
				3C6ACEFF1E3E38E1001FBC07 /* Sources */,
				3C6ACF001E3E38E1001FBC07 /* Frameworks */,
				3C6ACF011E3E38E1001FBC07 /* Resources */,
				8C9AFFFFDB6FA33CC595ED4B /* [CP] Embed Pods Frameworks */,
				25469697D9B651BB681838AA /* [CP] Copy Pods Resources */,
			);
			buildRules = (
			);
			dependencies = (
				3C6ACF091E3E38E1001FBC07 /* PBXTargetDependency */,
			);
			name = UITests;
			productName = UITests;
			productReference = 3C6ACF031E3E38E1001FBC07 /* UITests.xctest */;
			productType = "com.apple.product-type.bundle.unit-test";
		};
		3C98145A1E2E737800A1993C /* ContactManager */ = {
			isa = PBXNativeTarget;
			buildConfigurationList = 3C98148B1E2E737800A1993C /* Build configuration list for PBXNativeTarget "ContactManager" */;
			buildPhases = (
				45A468D4FBEE959095E4333E /* [CP] Check Pods Manifest.lock */,
				3C9814571E2E737800A1993C /* Sources */,
				3C9814581E2E737800A1993C /* Frameworks */,
				3C9814591E2E737800A1993C /* Resources */,
				B309E0B0C3FCB738FB601CA9 /* [CP] Embed Pods Frameworks */,
				8A06A2FC67BF7038639EB346 /* [CP] Copy Pods Resources */,
			);
			buildRules = (
			);
			dependencies = (
			);
			name = ContactManager;
			productName = ContactManager;
			productReference = 3C98145B1E2E737800A1993C /* ContactManager.app */;
			productType = "com.apple.product-type.application";
		};
/* End PBXNativeTarget section */

/* Begin PBXProject section */
		3C9814531E2E737800A1993C /* Project object */ = {
			isa = PBXProject;
			attributes = {
				LastUpgradeCheck = 0820;
				ORGANIZATIONNAME = GJ;
				TargetAttributes = {
					3C6ACF021E3E38E1001FBC07 = {
						CreatedOnToolsVersion = 8.2.1;
						DevelopmentTeam = EP6LLUE53J;
						ProvisioningStyle = Automatic;
						TestTargetID = 3C98145A1E2E737800A1993C;
					};
					3C98145A1E2E737800A1993C = {
						CreatedOnToolsVersion = 8.2.1;
						DevelopmentTeam = EP6LLUE53J;
						ProvisioningStyle = Automatic;
					};
				};
			};
			buildConfigurationList = 3C9814561E2E737800A1993C /* Build configuration list for PBXProject "ContactManager" */;
			compatibilityVersion = "Xcode 3.2";
			developmentRegion = English;
			hasScannedForEncodings = 0;
			knownRegions = (
				en,
				Base,
			);
			mainGroup = 3C9814521E2E737800A1993C;
			productRefGroup = 3C98145C1E2E737800A1993C /* Products */;
			projectDirPath = "";
			projectRoot = "";
			targets = (
				3C98145A1E2E737800A1993C /* ContactManager */,
				3C6ACF021E3E38E1001FBC07 /* UITests */,
			);
		};
/* End PBXProject section */

/* Begin PBXResourcesBuildPhase section */
		3C6ACF011E3E38E1001FBC07 /* Resources */ = {
			isa = PBXResourcesBuildPhase;
			buildActionMask = 2147483647;
			files = (
			);
			runOnlyForDeploymentPostprocessing = 0;
		};
		3C9814591E2E737800A1993C /* Resources */ = {
			isa = PBXResourcesBuildPhase;
			buildActionMask = 2147483647;
			files = (
				3C9814711E2E737800A1993C /* LaunchScreen.storyboard in Resources */,
				3C98146E1E2E737800A1993C /* Assets.xcassets in Resources */,
				3CD4B71D1E38765D0040BC6A /* loading_bar.gif in Resources */,
				3C9814691E2E737800A1993C /* Main.storyboard in Resources */,
			);
			runOnlyForDeploymentPostprocessing = 0;
		};
/* End PBXResourcesBuildPhase section */

/* Begin PBXShellScriptBuildPhase section */
		25469697D9B651BB681838AA /* [CP] Copy Pods Resources */ = {
			isa = PBXShellScriptBuildPhase;
			buildActionMask = 2147483647;
			files = (
			);
			inputPaths = (
			);
			name = "[CP] Copy Pods Resources";
			outputPaths = (
			);
			runOnlyForDeploymentPostprocessing = 0;
			shellPath = /bin/sh;
			shellScript = "\"${SRCROOT}/Pods/Target Support Files/Pods-UITests/Pods-UITests-resources.sh\"\n";
			showEnvVarsInLog = 0;
		};
		45A468D4FBEE959095E4333E /* [CP] Check Pods Manifest.lock */ = {
			isa = PBXShellScriptBuildPhase;
			buildActionMask = 2147483647;
			files = (
			);
			inputPaths = (
			);
			name = "[CP] Check Pods Manifest.lock";
			outputPaths = (
			);
			runOnlyForDeploymentPostprocessing = 0;
			shellPath = /bin/sh;
			shellScript = "diff \"${PODS_ROOT}/../Podfile.lock\" \"${PODS_ROOT}/Manifest.lock\" > /dev/null\nif [ $? != 0 ] ; then\n    # print error to STDERR\n    echo \"error: The sandbox is not in sync with the Podfile.lock. Run 'pod install' or update your CocoaPods installation.\" >&2\n    exit 1\nfi\n";
			showEnvVarsInLog = 0;
		};
		8A06A2FC67BF7038639EB346 /* [CP] Copy Pods Resources */ = {
			isa = PBXShellScriptBuildPhase;
			buildActionMask = 2147483647;
			files = (
			);
			inputPaths = (
			);
			name = "[CP] Copy Pods Resources";
			outputPaths = (
			);
			runOnlyForDeploymentPostprocessing = 0;
			shellPath = /bin/sh;
			shellScript = "\"${SRCROOT}/Pods/Target Support Files/Pods-ContactManager/Pods-ContactManager-resources.sh\"\n";
			showEnvVarsInLog = 0;
		};
		8C9AFFFFDB6FA33CC595ED4B /* [CP] Embed Pods Frameworks */ = {
			isa = PBXShellScriptBuildPhase;
			buildActionMask = 2147483647;
			files = (
			);
			inputPaths = (
			);
			name = "[CP] Embed Pods Frameworks";
			outputPaths = (
			);
			runOnlyForDeploymentPostprocessing = 0;
			shellPath = /bin/sh;
			shellScript = "\"${SRCROOT}/Pods/Target Support Files/Pods-UITests/Pods-UITests-frameworks.sh\"\n";
			showEnvVarsInLog = 0;
		};
		B309E0B0C3FCB738FB601CA9 /* [CP] Embed Pods Frameworks */ = {
			isa = PBXShellScriptBuildPhase;
			buildActionMask = 2147483647;
			files = (
			);
			inputPaths = (
			);
			name = "[CP] Embed Pods Frameworks";
			outputPaths = (
			);
			runOnlyForDeploymentPostprocessing = 0;
			shellPath = /bin/sh;
			shellScript = "\"${SRCROOT}/Pods/Target Support Files/Pods-ContactManager/Pods-ContactManager-frameworks.sh\"\n";
			showEnvVarsInLog = 0;
		};
		B76B463ED1788C8A465A7520 /* [CP] Check Pods Manifest.lock */ = {
			isa = PBXShellScriptBuildPhase;
			buildActionMask = 2147483647;
			files = (
			);
			inputPaths = (
			);
			name = "[CP] Check Pods Manifest.lock";
			outputPaths = (
			);
			runOnlyForDeploymentPostprocessing = 0;
			shellPath = /bin/sh;
			shellScript = "diff \"${PODS_ROOT}/../Podfile.lock\" \"${PODS_ROOT}/Manifest.lock\" > /dev/null\nif [ $? != 0 ] ; then\n    # print error to STDERR\n    echo \"error: The sandbox is not in sync with the Podfile.lock. Run 'pod install' or update your CocoaPods installation.\" >&2\n    exit 1\nfi\n";
			showEnvVarsInLog = 0;
		};
/* End PBXShellScriptBuildPhase section */

/* Begin PBXSourcesBuildPhase section */
		3C6ACEFF1E3E38E1001FBC07 /* Sources */ = {
			isa = PBXSourcesBuildPhase;
			buildActionMask = 2147483647;
			files = (
				3C6ACF121E3E3910001FBC07 /* ContactsFetchTests.m in Sources */,
				3C6ACF1B1E3F1503001FBC07 /* ContactDetailsTests.m in Sources */,
				3C6ACF181E3E8414001FBC07 /* AddContactProfilePictureTests.m in Sources */,
				3C6ACF1E1E3F3551001FBC07 /* FavoriteContactsTests.m in Sources */,
				3C6ACF151E3E6258001FBC07 /* AddContactValidationTests.m in Sources */,
			);
			runOnlyForDeploymentPostprocessing = 0;
		};
		3C9814571E2E737800A1993C /* Sources */ = {
			isa = PBXSourcesBuildPhase;
			buildActionMask = 2147483647;
			files = (
				3CD4B76C1E3AC2CB0040BC6A /* NSData+Base64.m in Sources */,
				3C98149C1E2E744300A1993C /* GJContactDetailsViewController.m in Sources */,
				3C98149D1E2E744300A1993C /* GJContactsBookViewController.m in Sources */,
				3C9FA8D11E3103E10022C102 /* NSString+Additions.m in Sources */,
				3C9FA8DB1E324F4C0022C102 /* UIColor+HexString.m in Sources */,
				3CD4B7691E3A79920040BC6A /* GJContactsRetryManager.m in Sources */,
				3C9814A31E2E778B00A1993C /* ContactManager.xcdatamodeld in Sources */,
				3CD4B7711E3B00540040BC6A /* VCFGenerator.m in Sources */,
				3C9814631E2E737800A1993C /* AppDelegate.m in Sources */,
				3CD4B7151E386F030040BC6A /* GJContactToUpload+CoreDataProperties.m in Sources */,
				3C98149B1E2E744300A1993C /* GJAddContactViewController.m in Sources */,
				3C9FA8D51E3242B50022C102 /* GJContactsSyncManager.m in Sources */,
				3CD4B7651E39249A0040BC6A /* GJContactEntity+CoreDataProperties.m in Sources */,
				3C9814601E2E737800A1993C /* main.m in Sources */,
				3CD4B71A1E3871090040BC6A /* GJContactUploadHeaderView.m in Sources */,
				3C9FA8D81E3245440022C102 /* GJContactsFetchViewController.m in Sources */,
				3CD4B6FF1E37E5EB0040BC6A /* UIButton+Position.m in Sources */,
				3C9FA8BF1E2E88810022C102 /* APIClient.m in Sources */,
				3CD4B70B1E3865700040BC6A /* UIImage+FixOrientation.m in Sources */,
				3C9FA8C41E2F74F60022C102 /* GJContactTableViewCell.m in Sources */,
			);
			runOnlyForDeploymentPostprocessing = 0;
		};
/* End PBXSourcesBuildPhase section */

/* Begin PBXTargetDependency section */
		3C6ACF091E3E38E1001FBC07 /* PBXTargetDependency */ = {
			isa = PBXTargetDependency;
			target = 3C98145A1E2E737800A1993C /* ContactManager */;
			targetProxy = 3C6ACF081E3E38E1001FBC07 /* PBXContainerItemProxy */;
		};
/* End PBXTargetDependency section */

/* Begin PBXVariantGroup section */
		3C9814671E2E737800A1993C /* Main.storyboard */ = {
			isa = PBXVariantGroup;
			children = (
				3C9814681E2E737800A1993C /* Base */,
			);
			name = Main.storyboard;
			sourceTree = "<group>";
		};
		3C98146F1E2E737800A1993C /* LaunchScreen.storyboard */ = {
			isa = PBXVariantGroup;
			children = (
				3C9814701E2E737800A1993C /* Base */,
			);
			name = LaunchScreen.storyboard;
			sourceTree = "<group>";
		};
/* End PBXVariantGroup section */

/* Begin XCBuildConfiguration section */
		3C6ACF0B1E3E38E1001FBC07 /* Debug */ = {
			isa = XCBuildConfiguration;
			baseConfigurationReference = 370251D493F761168B9CA9BE /* Pods-UITests.debug.xcconfig */;
			buildSettings = {
				BUNDLE_LOADER = "$(TEST_HOST)";
				DEVELOPMENT_TEAM = EP6LLUE53J;
				GCC_PRECOMPILE_PREFIX_HEADER = NO;
				GCC_PREFIX_HEADER = "";
				INFOPLIST_FILE = UITests/Info.plist;
				LD_RUNPATH_SEARCH_PATHS = "$(inherited) @executable_path/Frameworks @loader_path/Frameworks";
				PRODUCT_BUNDLE_IDENTIFIER = com.avaamo.test.UITests;
				PRODUCT_NAME = "$(TARGET_NAME)";
				TEST_HOST = "$(BUILT_PRODUCTS_DIR)/ContactManager.app/ContactManager";
			};
			name = Debug;
		};
		3C6ACF0C1E3E38E1001FBC07 /* Release */ = {
			isa = XCBuildConfiguration;
			baseConfigurationReference = 03A796AD0ACDB99F55AB5098 /* Pods-UITests.release.xcconfig */;
			buildSettings = {
				BUNDLE_LOADER = "$(TEST_HOST)";
				DEVELOPMENT_TEAM = EP6LLUE53J;
				GCC_PRECOMPILE_PREFIX_HEADER = NO;
				GCC_PREFIX_HEADER = "";
				INFOPLIST_FILE = UITests/Info.plist;
				LD_RUNPATH_SEARCH_PATHS = "$(inherited) @executable_path/Frameworks @loader_path/Frameworks";
				PRODUCT_BUNDLE_IDENTIFIER = com.avaamo.test.UITests;
				PRODUCT_NAME = "$(TARGET_NAME)";
				TEST_HOST = "$(BUILT_PRODUCTS_DIR)/ContactManager.app/ContactManager";
			};
			name = Release;
		};
		3C9814891E2E737800A1993C /* Debug */ = {
			isa = XCBuildConfiguration;
			buildSettings = {
				ALWAYS_SEARCH_USER_PATHS = NO;
				CLANG_ANALYZER_NONNULL = YES;
				CLANG_CXX_LANGUAGE_STANDARD = "gnu++0x";
				CLANG_CXX_LIBRARY = "libc++";
				CLANG_ENABLE_MODULES = YES;
				CLANG_ENABLE_OBJC_ARC = YES;
				CLANG_WARN_BOOL_CONVERSION = YES;
				CLANG_WARN_CONSTANT_CONVERSION = YES;
				CLANG_WARN_DIRECT_OBJC_ISA_USAGE = YES_ERROR;
				CLANG_WARN_DOCUMENTATION_COMMENTS = YES;
				CLANG_WARN_EMPTY_BODY = YES;
				CLANG_WARN_ENUM_CONVERSION = YES;
				CLANG_WARN_INFINITE_RECURSION = YES;
				CLANG_WARN_INT_CONVERSION = YES;
				CLANG_WARN_OBJC_ROOT_CLASS = YES_ERROR;
				CLANG_WARN_SUSPICIOUS_MOVE = YES;
				CLANG_WARN_UNREACHABLE_CODE = YES;
				CLANG_WARN__DUPLICATE_METHOD_MATCH = YES;
				"CODE_SIGN_IDENTITY[sdk=iphoneos*]" = "iPhone Developer";
				COPY_PHASE_STRIP = NO;
				DEBUG_INFORMATION_FORMAT = dwarf;
				ENABLE_STRICT_OBJC_MSGSEND = YES;
				ENABLE_TESTABILITY = YES;
				GCC_C_LANGUAGE_STANDARD = gnu99;
				GCC_DYNAMIC_NO_PIC = NO;
				GCC_NO_COMMON_BLOCKS = YES;
				GCC_OPTIMIZATION_LEVEL = 0;
				GCC_PREPROCESSOR_DEFINITIONS = (
					"DEBUG=1",
					"$(inherited)",
				);
				GCC_WARN_64_TO_32_BIT_CONVERSION = YES;
				GCC_WARN_ABOUT_RETURN_TYPE = YES_ERROR;
				GCC_WARN_UNDECLARED_SELECTOR = YES;
				GCC_WARN_UNINITIALIZED_AUTOS = YES_AGGRESSIVE;
				GCC_WARN_UNUSED_FUNCTION = YES;
				GCC_WARN_UNUSED_VARIABLE = YES;
				IPHONEOS_DEPLOYMENT_TARGET = 10.2;
				MTL_ENABLE_DEBUG_INFO = YES;
				ONLY_ACTIVE_ARCH = YES;
				SDKROOT = iphoneos;
			};
			name = Debug;
		};
		3C98148A1E2E737800A1993C /* Release */ = {
			isa = XCBuildConfiguration;
			buildSettings = {
				ALWAYS_SEARCH_USER_PATHS = NO;
				CLANG_ANALYZER_NONNULL = YES;
				CLANG_CXX_LANGUAGE_STANDARD = "gnu++0x";
				CLANG_CXX_LIBRARY = "libc++";
				CLANG_ENABLE_MODULES = YES;
				CLANG_ENABLE_OBJC_ARC = YES;
				CLANG_WARN_BOOL_CONVERSION = YES;
				CLANG_WARN_CONSTANT_CONVERSION = YES;
				CLANG_WARN_DIRECT_OBJC_ISA_USAGE = YES_ERROR;
				CLANG_WARN_DOCUMENTATION_COMMENTS = YES;
				CLANG_WARN_EMPTY_BODY = YES;
				CLANG_WARN_ENUM_CONVERSION = YES;
				CLANG_WARN_INFINITE_RECURSION = YES;
				CLANG_WARN_INT_CONVERSION = YES;
				CLANG_WARN_OBJC_ROOT_CLASS = YES_ERROR;
				CLANG_WARN_SUSPICIOUS_MOVE = YES;
				CLANG_WARN_UNREACHABLE_CODE = YES;
				CLANG_WARN__DUPLICATE_METHOD_MATCH = YES;
				"CODE_SIGN_IDENTITY[sdk=iphoneos*]" = "iPhone Developer";
				COPY_PHASE_STRIP = NO;
				DEBUG_INFORMATION_FORMAT = "dwarf-with-dsym";
				ENABLE_NS_ASSERTIONS = NO;
				ENABLE_STRICT_OBJC_MSGSEND = YES;
				GCC_C_LANGUAGE_STANDARD = gnu99;
				GCC_NO_COMMON_BLOCKS = YES;
				GCC_WARN_64_TO_32_BIT_CONVERSION = YES;
				GCC_WARN_ABOUT_RETURN_TYPE = YES_ERROR;
				GCC_WARN_UNDECLARED_SELECTOR = YES;
				GCC_WARN_UNINITIALIZED_AUTOS = YES_AGGRESSIVE;
				GCC_WARN_UNUSED_FUNCTION = YES;
				GCC_WARN_UNUSED_VARIABLE = YES;
				IPHONEOS_DEPLOYMENT_TARGET = 10.2;
				MTL_ENABLE_DEBUG_INFO = NO;
				SDKROOT = iphoneos;
				VALIDATE_PRODUCT = YES;
			};
			name = Release;
		};
		3C98148C1E2E737800A1993C /* Debug */ = {
			isa = XCBuildConfiguration;
			baseConfigurationReference = 0AC8FEE6A660159162D0028D /* Pods-ContactManager.debug.xcconfig */;
			buildSettings = {
				ASSETCATALOG_COMPILER_APPICON_NAME = AppIcon;
				DEVELOPMENT_TEAM = EP6LLUE53J;
				ENABLE_BITCODE = NO;
				GCC_NO_COMMON_BLOCKS = NO;
				INFOPLIST_FILE = ContactManager/Info.plist;
				IPHONEOS_DEPLOYMENT_TARGET = 8.0;
				LD_RUNPATH_SEARCH_PATHS = "$(inherited) @executable_path/Frameworks";
				OTHER_LDFLAGS = (
					"$(inherited)",
					"-l\"AFNetworking\"",
					"-framework",
					"\"CoreGraphics\"",
					"-framework",
					"\"MobileCoreServices\"",
					"-framework",
					"\"Security\"",
					"-framework",
					"\"SystemConfiguration\"",
				);
				PRODUCT_BUNDLE_IDENTIFIER = com.avaamo.contactmanager.ContactManager;
				PRODUCT_NAME = "$(TARGET_NAME)";
			};
			name = Debug;
		};
		3C98148D1E2E737800A1993C /* Release */ = {
			isa = XCBuildConfiguration;
			baseConfigurationReference = E1CA7049DAADA6D29F5321A3 /* Pods-ContactManager.release.xcconfig */;
			buildSettings = {
				ASSETCATALOG_COMPILER_APPICON_NAME = AppIcon;
				DEVELOPMENT_TEAM = EP6LLUE53J;
				ENABLE_BITCODE = NO;
				GCC_NO_COMMON_BLOCKS = NO;
				INFOPLIST_FILE = ContactManager/Info.plist;
				IPHONEOS_DEPLOYMENT_TARGET = 8.0;
				LD_RUNPATH_SEARCH_PATHS = "$(inherited) @executable_path/Frameworks";
				OTHER_LDFLAGS = (
					"$(inherited)",
					"-l\"AFNetworking\"",
					"-framework",
					"\"CoreGraphics\"",
					"-framework",
					"\"MobileCoreServices\"",
					"-framework",
					"\"Security\"",
					"-framework",
					"\"SystemConfiguration\"",
				);
				PRODUCT_BUNDLE_IDENTIFIER = com.avaamo.contactmanager.ContactManager;
				PRODUCT_NAME = "$(TARGET_NAME)";
			};
			name = Release;
		};
/* End XCBuildConfiguration section */

/* Begin XCConfigurationList section */
		3C6ACF0A1E3E38E1001FBC07 /* Build configuration list for PBXNativeTarget "UITests" */ = {
			isa = XCConfigurationList;
			buildConfigurations = (
				3C6ACF0B1E3E38E1001FBC07 /* Debug */,
				3C6ACF0C1E3E38E1001FBC07 /* Release */,
			);
			defaultConfigurationIsVisible = 0;
			defaultConfigurationName = Release;
		};
		3C9814561E2E737800A1993C /* Build configuration list for PBXProject "ContactManager" */ = {
			isa = XCConfigurationList;
			buildConfigurations = (
				3C9814891E2E737800A1993C /* Debug */,
				3C98148A1E2E737800A1993C /* Release */,
			);
			defaultConfigurationIsVisible = 0;
			defaultConfigurationName = Release;
		};
		3C98148B1E2E737800A1993C /* Build configuration list for PBXNativeTarget "ContactManager" */ = {
			isa = XCConfigurationList;
			buildConfigurations = (
				3C98148C1E2E737800A1993C /* Debug */,
				3C98148D1E2E737800A1993C /* Release */,
			);
			defaultConfigurationIsVisible = 0;
			defaultConfigurationName = Release;
		};
/* End XCConfigurationList section */

/* Begin XCVersionGroup section */
		3C98146A1E2E737800A1993C /* ContactManager.xcdatamodeld */ = {
			isa = XCVersionGroup;
			children = (
				3C98146B1E2E737800A1993C /* ContactManager.xcdatamodel */,
			);
			currentVersion = 3C98146B1E2E737800A1993C /* ContactManager.xcdatamodel */;
			path = ContactManager.xcdatamodeld;
			sourceTree = "<group>";
			versionGroupType = wrapper.xcdatamodel;
		};
		3C9814A01E2E778B00A1993C /* ContactManager.xcdatamodeld */ = {
			isa = XCVersionGroup;
			children = (
				3C9814A11E2E778B00A1993C /* ContactManager.xcdatamodel */,
			);
			currentVersion = 3C9814A11E2E778B00A1993C /* ContactManager.xcdatamodel */;
			path = ContactManager.xcdatamodeld;
			sourceTree = "<group>";
			versionGroupType = wrapper.xcdatamodel;
		};
/* End XCVersionGroup section */
	};
	rootObject = 3C9814531E2E737800A1993C /* Project object */;
}
